
Microsoft Visual Studio Solution File, Format Version 12.00
# Visual Studio Version 17
VisualStudioVersion = 17.3.32819.101
MinimumVisualStudioVersion = 10.0.40219.1
Project("{FAE04EC0-301F-11D3-BF4B-00C04F79EFBC}") = "Shapes", "Shapes\Shapes.csproj", "{F1F16FD4-F7B5-4211-BC23-78ED19C88569}"
EndProject
Project("{FAE04EC0-301F-11D3-BF4B-00C04F79EFBC}") = "Cars", "Cars\Cars.csproj", "{34C0BAD9-DCAF-4BAC-B167-487C075FBAB9}"
EndProject
Global
	GlobalSection(SolutionConfigurationPlatforms) = preSolution
		Debug|Any CPU = Debug|Any CPU
		Release|Any CPU = Release|Any CPU
	EndGlobalSection
	GlobalSection(ProjectConfigurationPlatforms) = postSolution
		{F1F16FD4-F7B5-4211-BC23-78ED19C88569}.Debug|Any CPU.ActiveCfg = Debug|Any CPU
		{F1F16FD4-F7B5-4211-BC23-78ED19C88569}.Debug|Any CPU.Build.0 = Debug|Any CPU
		{F1F16FD4-F7B5-4211-BC23-78ED19C88569}.Release|Any CPU.ActiveCfg = Release|Any CPU
		{F1F16FD4-F7B5-4211-BC23-78ED19C88569}.Release|Any CPU.Build.0 = Release|Any CPU
		{34C0BAD9-DCAF-4BAC-B167-487C075FBAB9}.Debug|Any CPU.ActiveCfg = Debug|Any CPU
		{34C0BAD9-DCAF-4BAC-B167-487C075FBAB9}.Debug|Any CPU.Build.0 = Debug|Any CPU
		{34C0BAD9-DCAF-4BAC-B167-487C075FBAB9}.Release|Any CPU.ActiveCfg = Release|Any CPU
		{34C0BAD9-DCAF-4BAC-B167-487C075FBAB9}.Release|Any CPU.Build.0 = Release|Any CPU
	EndGlobalSection
	GlobalSection(SolutionProperties) = preSolution
		HideSolutionNode = FALSE
	EndGlobalSection
	GlobalSection(ExtensibilityGlobals) = postSolution
		SolutionGuid = {D92669C2-264D-407F-8BC3-A8E8C7C1A74A}
	EndGlobalSection
EndGlobal
