
Microsoft Visual Studio Solution File, Format Version 12.00
# Visual Studio Version 17
VisualStudioVersion = 17.3.32819.101
MinimumVisualStudioVersion = 10.0.40219.1
Project("{9A19103F-16F7-4668-BE54-9A1E7A4F7556}") = "01. Sort Even Numbers", "01. Sort Even Numbers\01. Sort Even Numbers.csproj", "{16F41701-47F9-42BF-918D-CF7F98F69300}"
EndProject
Project("{9A19103F-16F7-4668-BE54-9A1E7A4F7556}") = "02. Sum Numbers", "02. Sum Numbers\02. Sum Numbers.csproj", "{7217AE0A-009B-415F-9F95-9A8F12ED695F}"
EndProject
Project("{9A19103F-16F7-4668-BE54-9A1E7A4F7556}") = "03. Count Uppercase Words", "03. Count Uppercase Words\03. Count Uppercase Words.csproj", "{29622F19-82A5-4AEA-A5F9-2221E8F61FB2}"
EndProject
Project("{FAE04EC0-301F-11D3-BF4B-00C04F79EFBC}") = "04. Add VAT", "04. Add VAT\04. Add VAT.csproj", "{072D40A6-4FA4-4719-8793-1F012F9C7934}"
EndProject
Project("{FAE04EC0-301F-11D3-BF4B-00C04F79EFBC}") = "05. Filter By Age", "05. Filter By Age\05. Filter By Age.csproj", "{64C467F7-29D1-42A7-9F48-4AF8227A753D}"
EndProject
Global
	GlobalSection(SolutionConfigurationPlatforms) = preSolution
		Debug|Any CPU = Debug|Any CPU
		Release|Any CPU = Release|Any CPU
	EndGlobalSection
	GlobalSection(ProjectConfigurationPlatforms) = postSolution
		{16F41701-47F9-42BF-918D-CF7F98F69300}.Debug|Any CPU.ActiveCfg = Debug|Any CPU
		{16F41701-47F9-42BF-918D-CF7F98F69300}.Debug|Any CPU.Build.0 = Debug|Any CPU
		{16F41701-47F9-42BF-918D-CF7F98F69300}.Release|Any CPU.ActiveCfg = Release|Any CPU
		{16F41701-47F9-42BF-918D-CF7F98F69300}.Release|Any CPU.Build.0 = Release|Any CPU
		{7217AE0A-009B-415F-9F95-9A8F12ED695F}.Debug|Any CPU.ActiveCfg = Debug|Any CPU
		{7217AE0A-009B-415F-9F95-9A8F12ED695F}.Debug|Any CPU.Build.0 = Debug|Any CPU
		{7217AE0A-009B-415F-9F95-9A8F12ED695F}.Release|Any CPU.ActiveCfg = Release|Any CPU
		{7217AE0A-009B-415F-9F95-9A8F12ED695F}.Release|Any CPU.Build.0 = Release|Any CPU
		{29622F19-82A5-4AEA-A5F9-2221E8F61FB2}.Debug|Any CPU.ActiveCfg = Debug|Any CPU
		{29622F19-82A5-4AEA-A5F9-2221E8F61FB2}.Debug|Any CPU.Build.0 = Debug|Any CPU
		{29622F19-82A5-4AEA-A5F9-2221E8F61FB2}.Release|Any CPU.ActiveCfg = Release|Any CPU
		{29622F19-82A5-4AEA-A5F9-2221E8F61FB2}.Release|Any CPU.Build.0 = Release|Any CPU
		{072D40A6-4FA4-4719-8793-1F012F9C7934}.Debug|Any CPU.ActiveCfg = Debug|Any CPU
		{072D40A6-4FA4-4719-8793-1F012F9C7934}.Debug|Any CPU.Build.0 = Debug|Any CPU
		{072D40A6-4FA4-4719-8793-1F012F9C7934}.Release|Any CPU.ActiveCfg = Release|Any CPU
		{072D40A6-4FA4-4719-8793-1F012F9C7934}.Release|Any CPU.Build.0 = Release|Any CPU
		{64C467F7-29D1-42A7-9F48-4AF8227A753D}.Debug|Any CPU.ActiveCfg = Debug|Any CPU
		{64C467F7-29D1-42A7-9F48-4AF8227A753D}.Debug|Any CPU.Build.0 = Debug|Any CPU
		{64C467F7-29D1-42A7-9F48-4AF8227A753D}.Release|Any CPU.ActiveCfg = Release|Any CPU
		{64C467F7-29D1-42A7-9F48-4AF8227A753D}.Release|Any CPU.Build.0 = Release|Any CPU
	EndGlobalSection
	GlobalSection(SolutionProperties) = preSolution
		HideSolutionNode = FALSE
	EndGlobalSection
	GlobalSection(ExtensibilityGlobals) = postSolution
		SolutionGuid = {B32C01DA-31D1-41C6-9B48-DCEE24EC56F1}
	EndGlobalSection
EndGlobal
