
Microsoft Visual Studio Solution File, Format Version 12.00
# Visual Studio Version 17
VisualStudioVersion = 17.3.32819.101
MinimumVisualStudioVersion = 10.0.40219.1
Project("{9A19103F-16F7-4668-BE54-9A1E7A4F7556}") = "ClassBoxData", "ClassBoxData\ClassBoxData.csproj", "{170C65DB-1F18-4797-8771-3DC22622A5D6}"
EndProject
Project("{9A19103F-16F7-4668-BE54-9A1E7A4F7556}") = "AnimalFarm", "AnimalFarm\AnimalFarm.csproj", "{FA7F5369-E847-43AC-855D-0900E5407024}"
EndProject
Project("{9A19103F-16F7-4668-BE54-9A1E7A4F7556}") = "ShoppingSpree", "ShoppingSpree\ShoppingSpree.csproj", "{7C4C6D0B-34A5-4FC9-8014-81B5A3E66961}"
EndProject
Project("{FAE04EC0-301F-11D3-BF4B-00C04F79EFBC}") = "PizzaCalories", "PizzaCalories\PizzaCalories.csproj", "{BCA8A79D-9BA8-431C-8387-11060FEB6050}"
EndProject
Project("{FAE04EC0-301F-11D3-BF4B-00C04F79EFBC}") = "FootballTeamGenerator", "FootballTeamGenerator\FootballTeamGenerator.csproj", "{133D9370-E0CF-4097-A838-BF9B522A7648}"
EndProject
Global
	GlobalSection(SolutionConfigurationPlatforms) = preSolution
		Debug|Any CPU = Debug|Any CPU
		Release|Any CPU = Release|Any CPU
	EndGlobalSection
	GlobalSection(ProjectConfigurationPlatforms) = postSolution
		{170C65DB-1F18-4797-8771-3DC22622A5D6}.Debug|Any CPU.ActiveCfg = Debug|Any CPU
		{170C65DB-1F18-4797-8771-3DC22622A5D6}.Debug|Any CPU.Build.0 = Debug|Any CPU
		{170C65DB-1F18-4797-8771-3DC22622A5D6}.Release|Any CPU.ActiveCfg = Release|Any CPU
		{170C65DB-1F18-4797-8771-3DC22622A5D6}.Release|Any CPU.Build.0 = Release|Any CPU
		{FA7F5369-E847-43AC-855D-0900E5407024}.Debug|Any CPU.ActiveCfg = Debug|Any CPU
		{FA7F5369-E847-43AC-855D-0900E5407024}.Debug|Any CPU.Build.0 = Debug|Any CPU
		{FA7F5369-E847-43AC-855D-0900E5407024}.Release|Any CPU.ActiveCfg = Release|Any CPU
		{FA7F5369-E847-43AC-855D-0900E5407024}.Release|Any CPU.Build.0 = Release|Any CPU
		{7C4C6D0B-34A5-4FC9-8014-81B5A3E66961}.Debug|Any CPU.ActiveCfg = Debug|Any CPU
		{7C4C6D0B-34A5-4FC9-8014-81B5A3E66961}.Debug|Any CPU.Build.0 = Debug|Any CPU
		{7C4C6D0B-34A5-4FC9-8014-81B5A3E66961}.Release|Any CPU.ActiveCfg = Release|Any CPU
		{7C4C6D0B-34A5-4FC9-8014-81B5A3E66961}.Release|Any CPU.Build.0 = Release|Any CPU
		{BCA8A79D-9BA8-431C-8387-11060FEB6050}.Debug|Any CPU.ActiveCfg = Debug|Any CPU
		{BCA8A79D-9BA8-431C-8387-11060FEB6050}.Debug|Any CPU.Build.0 = Debug|Any CPU
		{BCA8A79D-9BA8-431C-8387-11060FEB6050}.Release|Any CPU.ActiveCfg = Release|Any CPU
		{BCA8A79D-9BA8-431C-8387-11060FEB6050}.Release|Any CPU.Build.0 = Release|Any CPU
		{133D9370-E0CF-4097-A838-BF9B522A7648}.Debug|Any CPU.ActiveCfg = Debug|Any CPU
		{133D9370-E0CF-4097-A838-BF9B522A7648}.Debug|Any CPU.Build.0 = Debug|Any CPU
		{133D9370-E0CF-4097-A838-BF9B522A7648}.Release|Any CPU.ActiveCfg = Release|Any CPU
		{133D9370-E0CF-4097-A838-BF9B522A7648}.Release|Any CPU.Build.0 = Release|Any CPU
	EndGlobalSection
	GlobalSection(SolutionProperties) = preSolution
		HideSolutionNode = FALSE
	EndGlobalSection
	GlobalSection(ExtensibilityGlobals) = postSolution
		SolutionGuid = {66D5DD2F-D90B-4E23-90FB-44B5CAC5B6BB}
	EndGlobalSection
EndGlobal
