
Microsoft Visual Studio Solution File, Format Version 12.00
# Visual Studio Version 17
VisualStudioVersion = 17.3.32819.101
MinimumVisualStudioVersion = 10.0.40219.1
Project("{9A19103F-16F7-4668-BE54-9A1E7A4F7556}") = "MathOperation", "MathOperation\MathOperation.csproj", "{B9A36273-F23E-48AF-B105-E9E4511080FB}"
EndProject
Project("{9A19103F-16F7-4668-BE54-9A1E7A4F7556}") = "Animals", "Animals\Animals.csproj", "{C18CB557-07E2-4860-86BB-37B3EB9339B7}"
EndProject
Project("{FAE04EC0-301F-11D3-BF4B-00C04F79EFBC}") = "Shapes", "Shapes\Shapes.csproj", "{78C6542B-1882-4C7B-A799-B9C9B4EC103D}"
EndProject
Global
	GlobalSection(SolutionConfigurationPlatforms) = preSolution
		Debug|Any CPU = Debug|Any CPU
		Release|Any CPU = Release|Any CPU
	EndGlobalSection
	GlobalSection(ProjectConfigurationPlatforms) = postSolution
		{B9A36273-F23E-48AF-B105-E9E4511080FB}.Debug|Any CPU.ActiveCfg = Debug|Any CPU
		{B9A36273-F23E-48AF-B105-E9E4511080FB}.Debug|Any CPU.Build.0 = Debug|Any CPU
		{B9A36273-F23E-48AF-B105-E9E4511080FB}.Release|Any CPU.ActiveCfg = Release|Any CPU
		{B9A36273-F23E-48AF-B105-E9E4511080FB}.Release|Any CPU.Build.0 = Release|Any CPU
		{C18CB557-07E2-4860-86BB-37B3EB9339B7}.Debug|Any CPU.ActiveCfg = Debug|Any CPU
		{C18CB557-07E2-4860-86BB-37B3EB9339B7}.Debug|Any CPU.Build.0 = Debug|Any CPU
		{C18CB557-07E2-4860-86BB-37B3EB9339B7}.Release|Any CPU.ActiveCfg = Release|Any CPU
		{C18CB557-07E2-4860-86BB-37B3EB9339B7}.Release|Any CPU.Build.0 = Release|Any CPU
		{78C6542B-1882-4C7B-A799-B9C9B4EC103D}.Debug|Any CPU.ActiveCfg = Debug|Any CPU
		{78C6542B-1882-4C7B-A799-B9C9B4EC103D}.Debug|Any CPU.Build.0 = Debug|Any CPU
		{78C6542B-1882-4C7B-A799-B9C9B4EC103D}.Release|Any CPU.ActiveCfg = Release|Any CPU
		{78C6542B-1882-4C7B-A799-B9C9B4EC103D}.Release|Any CPU.Build.0 = Release|Any CPU
	EndGlobalSection
	GlobalSection(SolutionProperties) = preSolution
		HideSolutionNode = FALSE
	EndGlobalSection
	GlobalSection(ExtensibilityGlobals) = postSolution
		SolutionGuid = {13F3F94E-AC7A-44C6-8D9E-96215D6D17DF}
	EndGlobalSection
EndGlobal
