
Microsoft Visual Studio Solution File, Format Version 12.00
# Visual Studio Version 17
VisualStudioVersion = 17.3.32819.101
MinimumVisualStudioVersion = 10.0.40219.1
Project("{FAE04EC0-301F-11D3-BF4B-00C04F79EFBC}") = "01. Sum Adjacent Equal Numbers", "01. Sum Adjacent Equal Numbers\01. Sum Adjacent Equal Numbers.csproj", "{3A6813E3-7BA5-47B9-B267-C45F02DF0DB7}"
EndProject
Project("{FAE04EC0-301F-11D3-BF4B-00C04F79EFBC}") = "03. Merging Lists", "03. Merging Lists\03. Merging Lists.csproj", "{64E53780-8D4C-4783-A578-CBAB87BA3568}"
EndProject
Project("{FAE04EC0-301F-11D3-BF4B-00C04F79EFBC}") = "04. List of Products", "04. List of Products\04. List of Products.csproj", "{2AC44B71-4AB8-4337-A6C3-8032BDCD1B64}"
EndProject
Project("{FAE04EC0-301F-11D3-BF4B-00C04F79EFBC}") = "05. Remove Negatives and Reverse", "05. Remove Negatives and Reverse\05. Remove Negatives and Reverse.csproj", "{CF8F8130-BBC6-4765-8296-FE5D87741B47}"
EndProject
Project("{FAE04EC0-301F-11D3-BF4B-00C04F79EFBC}") = "06. List Manipulation Basics", "06. List Manipulation Basics\06. List Manipulation Basics.csproj", "{38002E75-91C3-4B31-BEE8-7E65CAE90FA0}"
EndProject
Project("{FAE04EC0-301F-11D3-BF4B-00C04F79EFBC}") = "07. List Manipulation Advanced", "07. List Manipulation Advanced\07. List Manipulation Advanced.csproj", "{1BC39510-B0CD-45A0-9357-3C8B8AC4A9FC}"
EndProject
Global
	GlobalSection(SolutionConfigurationPlatforms) = preSolution
		Debug|Any CPU = Debug|Any CPU
		Release|Any CPU = Release|Any CPU
	EndGlobalSection
	GlobalSection(ProjectConfigurationPlatforms) = postSolution
		{3A6813E3-7BA5-47B9-B267-C45F02DF0DB7}.Debug|Any CPU.ActiveCfg = Debug|Any CPU
		{3A6813E3-7BA5-47B9-B267-C45F02DF0DB7}.Debug|Any CPU.Build.0 = Debug|Any CPU
		{3A6813E3-7BA5-47B9-B267-C45F02DF0DB7}.Release|Any CPU.ActiveCfg = Release|Any CPU
		{3A6813E3-7BA5-47B9-B267-C45F02DF0DB7}.Release|Any CPU.Build.0 = Release|Any CPU
		{64E53780-8D4C-4783-A578-CBAB87BA3568}.Debug|Any CPU.ActiveCfg = Debug|Any CPU
		{64E53780-8D4C-4783-A578-CBAB87BA3568}.Debug|Any CPU.Build.0 = Debug|Any CPU
		{64E53780-8D4C-4783-A578-CBAB87BA3568}.Release|Any CPU.ActiveCfg = Release|Any CPU
		{64E53780-8D4C-4783-A578-CBAB87BA3568}.Release|Any CPU.Build.0 = Release|Any CPU
		{2AC44B71-4AB8-4337-A6C3-8032BDCD1B64}.Debug|Any CPU.ActiveCfg = Debug|Any CPU
		{2AC44B71-4AB8-4337-A6C3-8032BDCD1B64}.Debug|Any CPU.Build.0 = Debug|Any CPU
		{2AC44B71-4AB8-4337-A6C3-8032BDCD1B64}.Release|Any CPU.ActiveCfg = Release|Any CPU
		{2AC44B71-4AB8-4337-A6C3-8032BDCD1B64}.Release|Any CPU.Build.0 = Release|Any CPU
		{CF8F8130-BBC6-4765-8296-FE5D87741B47}.Debug|Any CPU.ActiveCfg = Debug|Any CPU
		{CF8F8130-BBC6-4765-8296-FE5D87741B47}.Debug|Any CPU.Build.0 = Debug|Any CPU
		{CF8F8130-BBC6-4765-8296-FE5D87741B47}.Release|Any CPU.ActiveCfg = Release|Any CPU
		{CF8F8130-BBC6-4765-8296-FE5D87741B47}.Release|Any CPU.Build.0 = Release|Any CPU
		{38002E75-91C3-4B31-BEE8-7E65CAE90FA0}.Debug|Any CPU.ActiveCfg = Debug|Any CPU
		{38002E75-91C3-4B31-BEE8-7E65CAE90FA0}.Debug|Any CPU.Build.0 = Debug|Any CPU
		{38002E75-91C3-4B31-BEE8-7E65CAE90FA0}.Release|Any CPU.ActiveCfg = Release|Any CPU
		{38002E75-91C3-4B31-BEE8-7E65CAE90FA0}.Release|Any CPU.Build.0 = Release|Any CPU
		{1BC39510-B0CD-45A0-9357-3C8B8AC4A9FC}.Debug|Any CPU.ActiveCfg = Debug|Any CPU
		{1BC39510-B0CD-45A0-9357-3C8B8AC4A9FC}.Debug|Any CPU.Build.0 = Debug|Any CPU
		{1BC39510-B0CD-45A0-9357-3C8B8AC4A9FC}.Release|Any CPU.ActiveCfg = Release|Any CPU
		{1BC39510-B0CD-45A0-9357-3C8B8AC4A9FC}.Release|Any CPU.Build.0 = Release|Any CPU
	EndGlobalSection
	GlobalSection(SolutionProperties) = preSolution
		HideSolutionNode = FALSE
	EndGlobalSection
	GlobalSection(ExtensibilityGlobals) = postSolution
		SolutionGuid = {A6800090-CF17-4E70-A146-BC7ECA82C896}
	EndGlobalSection
EndGlobal
