
Microsoft Visual Studio Solution File, Format Version 12.00
# Visual Studio Version 17
VisualStudioVersion = 17.3.32819.101
MinimumVisualStudioVersion = 10.0.40219.1
Project("{9A19103F-16F7-4668-BE54-9A1E7A4F7556}") = "Skeleton", "Skeleton\Skeleton.csproj", "{4DC2F087-7EEA-452A-8DBE-BD136F3B1A84}"
EndProject
Project("{9A19103F-16F7-4668-BE54-9A1E7A4F7556}") = "Skeleton.Tests", "Skeleton.Tests\Skeleton.Tests.csproj", "{DC9A1F0A-2034-4BA9-99C3-060E5E0AE707}"
EndProject
Global
	GlobalSection(SolutionConfigurationPlatforms) = preSolution
		Debug|Any CPU = Debug|Any CPU
		Release|Any CPU = Release|Any CPU
	EndGlobalSection
	GlobalSection(ProjectConfigurationPlatforms) = postSolution
		{4DC2F087-7EEA-452A-8DBE-BD136F3B1A84}.Debug|Any CPU.ActiveCfg = Debug|Any CPU
		{4DC2F087-7EEA-452A-8DBE-BD136F3B1A84}.Debug|Any CPU.Build.0 = Debug|Any CPU
		{4DC2F087-7EEA-452A-8DBE-BD136F3B1A84}.Release|Any CPU.ActiveCfg = Release|Any CPU
		{4DC2F087-7EEA-452A-8DBE-BD136F3B1A84}.Release|Any CPU.Build.0 = Release|Any CPU
		{DC9A1F0A-2034-4BA9-99C3-060E5E0AE707}.Debug|Any CPU.ActiveCfg = Debug|Any CPU
		{DC9A1F0A-2034-4BA9-99C3-060E5E0AE707}.Debug|Any CPU.Build.0 = Debug|Any CPU
		{DC9A1F0A-2034-4BA9-99C3-060E5E0AE707}.Release|Any CPU.ActiveCfg = Release|Any CPU
		{DC9A1F0A-2034-4BA9-99C3-060E5E0AE707}.Release|Any CPU.Build.0 = Release|Any CPU
	EndGlobalSection
	GlobalSection(SolutionProperties) = preSolution
		HideSolutionNode = FALSE
	EndGlobalSection
	GlobalSection(ExtensibilityGlobals) = postSolution
		SolutionGuid = {ABEE5FFD-3226-441A-B06D-E13C9E04493E}
	EndGlobalSection
EndGlobal
