
Microsoft Visual Studio Solution File, Format Version 12.00
# Visual Studio Version 17
VisualStudioVersion = 17.6.33829.357
MinimumVisualStudioVersion = 10.0.40219.1
Project("{FAE04EC0-301F-11D3-BF4B-00C04F79EFBC}") = "SoftUni", "SoftUni.csproj", "{9070043B-EF39-46EA-BFD2-06A5B54E19A0}"
EndProject
Global
	GlobalSection(SolutionConfigurationPlatforms) = preSolution
		Debug|Any CPU = Debug|Any CPU
		Release|Any CPU = Release|Any CPU
	EndGlobalSection
	GlobalSection(ProjectConfigurationPlatforms) = postSolution
		{9070043B-EF39-46EA-BFD2-06A5B54E19A0}.Debug|Any CPU.ActiveCfg = Debug|Any CPU
		{9070043B-EF39-46EA-BFD2-06A5B54E19A0}.Debug|Any CPU.Build.0 = Debug|Any CPU
		{9070043B-EF39-46EA-BFD2-06A5B54E19A0}.Release|Any CPU.ActiveCfg = Release|Any CPU
		{9070043B-EF39-46EA-BFD2-06A5B54E19A0}.Release|Any CPU.Build.0 = Release|Any CPU
	EndGlobalSection
	GlobalSection(SolutionProperties) = preSolution
		HideSolutionNode = FALSE
	EndGlobalSection
	GlobalSection(ExtensibilityGlobals) = postSolution
		SolutionGuid = {755E3291-3A23-45EE-A9A8-6410B6A15444}
	EndGlobalSection
EndGlobal
