
Microsoft Visual Studio Solution File, Format Version 12.00
# Visual Studio Version 17
VisualStudioVersion = 17.3.32819.101
MinimumVisualStudioVersion = 10.0.40219.1
Project("{FAE04EC0-301F-11D3-BF4B-00C04F79EFBC}") = "01. Train", "01. Train\01. Train.csproj", "{D222A8EB-8728-4155-A6E1-24271858EB2D}"
EndProject
Project("{FAE04EC0-301F-11D3-BF4B-00C04F79EFBC}") = "02. Common Elements", "02. Common Elements\02. Common Elements.csproj", "{F2AF0BDE-C136-47F2-82FF-823CD25B3491}"
EndProject
Project("{FAE04EC0-301F-11D3-BF4B-00C04F79EFBC}") = "03. Zig-Zag Arrays", "03. Zig-Zag Arrays\03. Zig-Zag Arrays.csproj", "{517C46BB-E5C5-4B7D-839E-014BEA377360}"
EndProject
Project("{FAE04EC0-301F-11D3-BF4B-00C04F79EFBC}") = "04. Array Rotation", "04. Array Rotation\04. Array Rotation.csproj", "{D42F9846-320D-42D9-B25B-20F5657CAE6A}"
EndProject
Project("{FAE04EC0-301F-11D3-BF4B-00C04F79EFBC}") = "05. Top Integers", "05. Top Integers\05. Top Integers.csproj", "{11EFB6C7-FE51-46A5-9018-999F1196AC7B}"
EndProject
Project("{FAE04EC0-301F-11D3-BF4B-00C04F79EFBC}") = "06. Equal Sum", "06. Equal Sum\06. Equal Sum.csproj", "{06DD49BB-B6BF-4AED-8F99-5A41852D2ADD}"
EndProject
Project("{FAE04EC0-301F-11D3-BF4B-00C04F79EFBC}") = "07. Max Sequence of Equal Elements", "07. Max Sequence of Equal Elements\07. Max Sequence of Equal Elements.csproj", "{369FAE75-CABC-4B6E-AD8F-E8EDE37A40CF}"
EndProject
Project("{FAE04EC0-301F-11D3-BF4B-00C04F79EFBC}") = "08. Magic Sum", "08. Magic Sum\08. Magic Sum.csproj", "{4BE0DBBE-E680-43EF-89B0-7F15450C416F}"
EndProject
Global
	GlobalSection(SolutionConfigurationPlatforms) = preSolution
		Debug|Any CPU = Debug|Any CPU
		Release|Any CPU = Release|Any CPU
	EndGlobalSection
	GlobalSection(ProjectConfigurationPlatforms) = postSolution
		{D222A8EB-8728-4155-A6E1-24271858EB2D}.Debug|Any CPU.ActiveCfg = Debug|Any CPU
		{D222A8EB-8728-4155-A6E1-24271858EB2D}.Debug|Any CPU.Build.0 = Debug|Any CPU
		{D222A8EB-8728-4155-A6E1-24271858EB2D}.Release|Any CPU.ActiveCfg = Release|Any CPU
		{D222A8EB-8728-4155-A6E1-24271858EB2D}.Release|Any CPU.Build.0 = Release|Any CPU
		{F2AF0BDE-C136-47F2-82FF-823CD25B3491}.Debug|Any CPU.ActiveCfg = Debug|Any CPU
		{F2AF0BDE-C136-47F2-82FF-823CD25B3491}.Debug|Any CPU.Build.0 = Debug|Any CPU
		{F2AF0BDE-C136-47F2-82FF-823CD25B3491}.Release|Any CPU.ActiveCfg = Release|Any CPU
		{F2AF0BDE-C136-47F2-82FF-823CD25B3491}.Release|Any CPU.Build.0 = Release|Any CPU
		{517C46BB-E5C5-4B7D-839E-014BEA377360}.Debug|Any CPU.ActiveCfg = Debug|Any CPU
		{517C46BB-E5C5-4B7D-839E-014BEA377360}.Debug|Any CPU.Build.0 = Debug|Any CPU
		{517C46BB-E5C5-4B7D-839E-014BEA377360}.Release|Any CPU.ActiveCfg = Release|Any CPU
		{517C46BB-E5C5-4B7D-839E-014BEA377360}.Release|Any CPU.Build.0 = Release|Any CPU
		{D42F9846-320D-42D9-B25B-20F5657CAE6A}.Debug|Any CPU.ActiveCfg = Debug|Any CPU
		{D42F9846-320D-42D9-B25B-20F5657CAE6A}.Debug|Any CPU.Build.0 = Debug|Any CPU
		{D42F9846-320D-42D9-B25B-20F5657CAE6A}.Release|Any CPU.ActiveCfg = Release|Any CPU
		{D42F9846-320D-42D9-B25B-20F5657CAE6A}.Release|Any CPU.Build.0 = Release|Any CPU
		{11EFB6C7-FE51-46A5-9018-999F1196AC7B}.Debug|Any CPU.ActiveCfg = Debug|Any CPU
		{11EFB6C7-FE51-46A5-9018-999F1196AC7B}.Debug|Any CPU.Build.0 = Debug|Any CPU
		{11EFB6C7-FE51-46A5-9018-999F1196AC7B}.Release|Any CPU.ActiveCfg = Release|Any CPU
		{11EFB6C7-FE51-46A5-9018-999F1196AC7B}.Release|Any CPU.Build.0 = Release|Any CPU
		{06DD49BB-B6BF-4AED-8F99-5A41852D2ADD}.Debug|Any CPU.ActiveCfg = Debug|Any CPU
		{06DD49BB-B6BF-4AED-8F99-5A41852D2ADD}.Debug|Any CPU.Build.0 = Debug|Any CPU
		{06DD49BB-B6BF-4AED-8F99-5A41852D2ADD}.Release|Any CPU.ActiveCfg = Release|Any CPU
		{06DD49BB-B6BF-4AED-8F99-5A41852D2ADD}.Release|Any CPU.Build.0 = Release|Any CPU
		{369FAE75-CABC-4B6E-AD8F-E8EDE37A40CF}.Debug|Any CPU.ActiveCfg = Debug|Any CPU
		{369FAE75-CABC-4B6E-AD8F-E8EDE37A40CF}.Debug|Any CPU.Build.0 = Debug|Any CPU
		{369FAE75-CABC-4B6E-AD8F-E8EDE37A40CF}.Release|Any CPU.ActiveCfg = Release|Any CPU
		{369FAE75-CABC-4B6E-AD8F-E8EDE37A40CF}.Release|Any CPU.Build.0 = Release|Any CPU
		{4BE0DBBE-E680-43EF-89B0-7F15450C416F}.Debug|Any CPU.ActiveCfg = Debug|Any CPU
		{4BE0DBBE-E680-43EF-89B0-7F15450C416F}.Debug|Any CPU.Build.0 = Debug|Any CPU
		{4BE0DBBE-E680-43EF-89B0-7F15450C416F}.Release|Any CPU.ActiveCfg = Release|Any CPU
		{4BE0DBBE-E680-43EF-89B0-7F15450C416F}.Release|Any CPU.Build.0 = Release|Any CPU
	EndGlobalSection
	GlobalSection(SolutionProperties) = preSolution
		HideSolutionNode = FALSE
	EndGlobalSection
	GlobalSection(ExtensibilityGlobals) = postSolution
		SolutionGuid = {F2FAC074-2C06-4233-B307-94956E0C5102}
	EndGlobalSection
EndGlobal
