
Microsoft Visual Studio Solution File, Format Version 12.00
# Visual Studio Version 17
VisualStudioVersion = 17.3.32819.101
MinimumVisualStudioVersion = 10.0.40219.1
Project("{9A19103F-16F7-4668-BE54-9A1E7A4F7556}") = "EvenLines", "EvenLines\EvenLines.csproj", "{3055BEE6-7B6B-4123-B079-FC28EE8808C1}"
EndProject
Project("{FAE04EC0-301F-11D3-BF4B-00C04F79EFBC}") = "CopyDirectory", "CopyDirectory\CopyDirectory.csproj", "{A7DF2493-520F-404F-AC10-D7CF2B3BBA84}"
EndProject
Global
	GlobalSection(SolutionConfigurationPlatforms) = preSolution
		Debug|Any CPU = Debug|Any CPU
		Release|Any CPU = Release|Any CPU
	EndGlobalSection
	GlobalSection(ProjectConfigurationPlatforms) = postSolution
		{3055BEE6-7B6B-4123-B079-FC28EE8808C1}.Debug|Any CPU.ActiveCfg = Debug|Any CPU
		{3055BEE6-7B6B-4123-B079-FC28EE8808C1}.Debug|Any CPU.Build.0 = Debug|Any CPU
		{3055BEE6-7B6B-4123-B079-FC28EE8808C1}.Release|Any CPU.ActiveCfg = Release|Any CPU
		{3055BEE6-7B6B-4123-B079-FC28EE8808C1}.Release|Any CPU.Build.0 = Release|Any CPU
		{A7DF2493-520F-404F-AC10-D7CF2B3BBA84}.Debug|Any CPU.ActiveCfg = Debug|Any CPU
		{A7DF2493-520F-404F-AC10-D7CF2B3BBA84}.Debug|Any CPU.Build.0 = Debug|Any CPU
		{A7DF2493-520F-404F-AC10-D7CF2B3BBA84}.Release|Any CPU.ActiveCfg = Release|Any CPU
		{A7DF2493-520F-404F-AC10-D7CF2B3BBA84}.Release|Any CPU.Build.0 = Release|Any CPU
	EndGlobalSection
	GlobalSection(SolutionProperties) = preSolution
		HideSolutionNode = FALSE
	EndGlobalSection
	GlobalSection(ExtensibilityGlobals) = postSolution
		SolutionGuid = {73069676-6976-489C-A4B7-6E88A4BFEAEA}
	EndGlobalSection
EndGlobal
