
Microsoft Visual Studio Solution File, Format Version 12.00
# Visual Studio Version 17
VisualStudioVersion = 17.3.32819.101
MinimumVisualStudioVersion = 10.0.40219.1
Project("{FAE04EC0-301F-11D3-BF4B-00C04F79EFBC}") = "BoxOfT", "01. Box\BoxOfT.csproj", "{96B81456-8064-43D3-B50D-419830B7F293}"
EndProject
Project("{FAE04EC0-301F-11D3-BF4B-00C04F79EFBC}") = "GenericArrayCreator", "GenericArrayCreator\GenericArrayCreator.csproj", "{6D4B401B-9E80-4648-8BA4-61E7497667C0}"
EndProject
Project("{FAE04EC0-301F-11D3-BF4B-00C04F79EFBC}") = "GenericScale", "GenericScale\GenericScale.csproj", "{67D53D73-9814-4D2B-9C30-25A4D99D6533}"
EndProject
Global
	GlobalSection(SolutionConfigurationPlatforms) = preSolution
		Debug|Any CPU = Debug|Any CPU
		Release|Any CPU = Release|Any CPU
	EndGlobalSection
	GlobalSection(ProjectConfigurationPlatforms) = postSolution
		{96B81456-8064-43D3-B50D-419830B7F293}.Debug|Any CPU.ActiveCfg = Debug|Any CPU
		{96B81456-8064-43D3-B50D-419830B7F293}.Debug|Any CPU.Build.0 = Debug|Any CPU
		{96B81456-8064-43D3-B50D-419830B7F293}.Release|Any CPU.ActiveCfg = Release|Any CPU
		{96B81456-8064-43D3-B50D-419830B7F293}.Release|Any CPU.Build.0 = Release|Any CPU
		{6D4B401B-9E80-4648-8BA4-61E7497667C0}.Debug|Any CPU.ActiveCfg = Debug|Any CPU
		{6D4B401B-9E80-4648-8BA4-61E7497667C0}.Debug|Any CPU.Build.0 = Debug|Any CPU
		{6D4B401B-9E80-4648-8BA4-61E7497667C0}.Release|Any CPU.ActiveCfg = Release|Any CPU
		{6D4B401B-9E80-4648-8BA4-61E7497667C0}.Release|Any CPU.Build.0 = Release|Any CPU
		{67D53D73-9814-4D2B-9C30-25A4D99D6533}.Debug|Any CPU.ActiveCfg = Debug|Any CPU
		{67D53D73-9814-4D2B-9C30-25A4D99D6533}.Debug|Any CPU.Build.0 = Debug|Any CPU
		{67D53D73-9814-4D2B-9C30-25A4D99D6533}.Release|Any CPU.ActiveCfg = Release|Any CPU
		{67D53D73-9814-4D2B-9C30-25A4D99D6533}.Release|Any CPU.Build.0 = Release|Any CPU
	EndGlobalSection
	GlobalSection(SolutionProperties) = preSolution
		HideSolutionNode = FALSE
	EndGlobalSection
	GlobalSection(ExtensibilityGlobals) = postSolution
		SolutionGuid = {E0B6AC38-3DFC-49AE-8437-A5C5475672C0}
	EndGlobalSection
EndGlobal
