
Microsoft Visual Studio Solution File, Format Version 12.00
# Visual Studio Version 17
VisualStudioVersion = 17.3.32819.101
MinimumVisualStudioVersion = 10.0.40219.1
Project("{FAE04EC0-301F-11D3-BF4B-00C04F79EFBC}") = "PersonInfo", "PersonInfo\PersonInfo.csproj", "{F3E7DEDB-EF5F-47D6-8696-5064B5D90212}"
EndProject
Project("{FAE04EC0-301F-11D3-BF4B-00C04F79EFBC}") = "Telephony", "Telephony\Telephony.csproj", "{00AED431-0B7F-4A5D-B6C3-FDB5FA0068B6}"
EndProject
Project("{FAE04EC0-301F-11D3-BF4B-00C04F79EFBC}") = "BorderControl", "BorderControl\BorderControl.csproj", "{82A49D35-06FE-486B-9DA1-C7934055B402}"
EndProject
Global
	GlobalSection(SolutionConfigurationPlatforms) = preSolution
		Debug|Any CPU = Debug|Any CPU
		Release|Any CPU = Release|Any CPU
	EndGlobalSection
	GlobalSection(ProjectConfigurationPlatforms) = postSolution
		{F3E7DEDB-EF5F-47D6-8696-5064B5D90212}.Debug|Any CPU.ActiveCfg = Debug|Any CPU
		{F3E7DEDB-EF5F-47D6-8696-5064B5D90212}.Debug|Any CPU.Build.0 = Debug|Any CPU
		{F3E7DEDB-EF5F-47D6-8696-5064B5D90212}.Release|Any CPU.ActiveCfg = Release|Any CPU
		{F3E7DEDB-EF5F-47D6-8696-5064B5D90212}.Release|Any CPU.Build.0 = Release|Any CPU
		{00AED431-0B7F-4A5D-B6C3-FDB5FA0068B6}.Debug|Any CPU.ActiveCfg = Debug|Any CPU
		{00AED431-0B7F-4A5D-B6C3-FDB5FA0068B6}.Debug|Any CPU.Build.0 = Debug|Any CPU
		{00AED431-0B7F-4A5D-B6C3-FDB5FA0068B6}.Release|Any CPU.ActiveCfg = Release|Any CPU
		{00AED431-0B7F-4A5D-B6C3-FDB5FA0068B6}.Release|Any CPU.Build.0 = Release|Any CPU
		{82A49D35-06FE-486B-9DA1-C7934055B402}.Debug|Any CPU.ActiveCfg = Debug|Any CPU
		{82A49D35-06FE-486B-9DA1-C7934055B402}.Debug|Any CPU.Build.0 = Debug|Any CPU
		{82A49D35-06FE-486B-9DA1-C7934055B402}.Release|Any CPU.ActiveCfg = Release|Any CPU
		{82A49D35-06FE-486B-9DA1-C7934055B402}.Release|Any CPU.Build.0 = Release|Any CPU
	EndGlobalSection
	GlobalSection(SolutionProperties) = preSolution
		HideSolutionNode = FALSE
	EndGlobalSection
	GlobalSection(ExtensibilityGlobals) = postSolution
		SolutionGuid = {BAF4040B-334E-4C45-A253-A99B3A59D882}
	EndGlobalSection
EndGlobal
