
Microsoft Visual Studio Solution File, Format Version 12.00
# Visual Studio Version 17
VisualStudioVersion = 17.2.32630.192
MinimumVisualStudioVersion = 10.0.40219.1
Project("{FAE04EC0-301F-11D3-BF4B-00C04F79EFBC}") = "01. Reverse Strings", "01. Reverse Strings\01. Reverse Strings.csproj", "{0F472926-1FE6-4ABA-AD83-3EC2D2434550}"
EndProject
Project("{FAE04EC0-301F-11D3-BF4B-00C04F79EFBC}") = "02. Repeat Strings", "02. Repeat Strings\02. Repeat Strings.csproj", "{B25A6A2C-FFE3-48EE-8C52-7E8ED972AC89}"
EndProject
Project("{FAE04EC0-301F-11D3-BF4B-00C04F79EFBC}") = "03. Substring", "03. Substring\03. Substring.csproj", "{06D71B34-FFDE-41F6-AC07-2D6FA38CEA4B}"
EndProject
Project("{FAE04EC0-301F-11D3-BF4B-00C04F79EFBC}") = "04. Text Filter", "04. Text Filter\04. Text Filter.csproj", "{AC7FFB41-A5A2-4656-970A-88F3D5DA4715}"
EndProject
Project("{FAE04EC0-301F-11D3-BF4B-00C04F79EFBC}") = "05. Digits, Letters and Other", "05. Digits, Letters and Other\05. Digits, Letters and Other.csproj", "{64959FE5-F574-4540-B547-8C31816B9FC2}"
EndProject
Global
	GlobalSection(SolutionConfigurationPlatforms) = preSolution
		Debug|Any CPU = Debug|Any CPU
		Release|Any CPU = Release|Any CPU
	EndGlobalSection
	GlobalSection(ProjectConfigurationPlatforms) = postSolution
		{0F472926-1FE6-4ABA-AD83-3EC2D2434550}.Debug|Any CPU.ActiveCfg = Debug|Any CPU
		{0F472926-1FE6-4ABA-AD83-3EC2D2434550}.Debug|Any CPU.Build.0 = Debug|Any CPU
		{0F472926-1FE6-4ABA-AD83-3EC2D2434550}.Release|Any CPU.ActiveCfg = Release|Any CPU
		{0F472926-1FE6-4ABA-AD83-3EC2D2434550}.Release|Any CPU.Build.0 = Release|Any CPU
		{B25A6A2C-FFE3-48EE-8C52-7E8ED972AC89}.Debug|Any CPU.ActiveCfg = Debug|Any CPU
		{B25A6A2C-FFE3-48EE-8C52-7E8ED972AC89}.Debug|Any CPU.Build.0 = Debug|Any CPU
		{B25A6A2C-FFE3-48EE-8C52-7E8ED972AC89}.Release|Any CPU.ActiveCfg = Release|Any CPU
		{B25A6A2C-FFE3-48EE-8C52-7E8ED972AC89}.Release|Any CPU.Build.0 = Release|Any CPU
		{06D71B34-FFDE-41F6-AC07-2D6FA38CEA4B}.Debug|Any CPU.ActiveCfg = Debug|Any CPU
		{06D71B34-FFDE-41F6-AC07-2D6FA38CEA4B}.Debug|Any CPU.Build.0 = Debug|Any CPU
		{06D71B34-FFDE-41F6-AC07-2D6FA38CEA4B}.Release|Any CPU.ActiveCfg = Release|Any CPU
		{06D71B34-FFDE-41F6-AC07-2D6FA38CEA4B}.Release|Any CPU.Build.0 = Release|Any CPU
		{AC7FFB41-A5A2-4656-970A-88F3D5DA4715}.Debug|Any CPU.ActiveCfg = Debug|Any CPU
		{AC7FFB41-A5A2-4656-970A-88F3D5DA4715}.Debug|Any CPU.Build.0 = Debug|Any CPU
		{AC7FFB41-A5A2-4656-970A-88F3D5DA4715}.Release|Any CPU.ActiveCfg = Release|Any CPU
		{AC7FFB41-A5A2-4656-970A-88F3D5DA4715}.Release|Any CPU.Build.0 = Release|Any CPU
		{64959FE5-F574-4540-B547-8C31816B9FC2}.Debug|Any CPU.ActiveCfg = Debug|Any CPU
		{64959FE5-F574-4540-B547-8C31816B9FC2}.Debug|Any CPU.Build.0 = Debug|Any CPU
		{64959FE5-F574-4540-B547-8C31816B9FC2}.Release|Any CPU.ActiveCfg = Release|Any CPU
		{64959FE5-F574-4540-B547-8C31816B9FC2}.Release|Any CPU.Build.0 = Release|Any CPU
	EndGlobalSection
	GlobalSection(SolutionProperties) = preSolution
		HideSolutionNode = FALSE
	EndGlobalSection
	GlobalSection(ExtensibilityGlobals) = postSolution
		SolutionGuid = {83F5A2B2-B1C5-4063-9C8F-947BDB986F2A}
	EndGlobalSection
EndGlobal
