
Microsoft Visual Studio Solution File, Format Version 12.00
# Visual Studio Version 17
VisualStudioVersion = 17.11.35431.28
MinimumVisualStudioVersion = 10.0.40219.1
Project("{FAE04EC0-301F-11D3-BF4B-00C04F79EFBC}") = "ChatApp", "ChatApp\ChatApp.csproj", "{CDCF2F42-BEBC-467C-B9DE-A1B160CF1AA8}"
EndProject
Global
	GlobalSection(SolutionConfigurationPlatforms) = preSolution
		Debug|Any CPU = Debug|Any CPU
		Release|Any CPU = Release|Any CPU
	EndGlobalSection
	GlobalSection(ProjectConfigurationPlatforms) = postSolution
		{CDCF2F42-BEBC-467C-B9DE-A1B160CF1AA8}.Debug|Any CPU.ActiveCfg = Debug|Any CPU
		{CDCF2F42-BEBC-467C-B9DE-A1B160CF1AA8}.Debug|Any CPU.Build.0 = Debug|Any CPU
		{CDCF2F42-BEBC-467C-B9DE-A1B160CF1AA8}.Release|Any CPU.ActiveCfg = Release|Any CPU
		{CDCF2F42-BEBC-467C-B9DE-A1B160CF1AA8}.Release|Any CPU.Build.0 = Release|Any CPU
	EndGlobalSection
	GlobalSection(SolutionProperties) = preSolution
		HideSolutionNode = FALSE
	EndGlobalSection
	GlobalSection(ExtensibilityGlobals) = postSolution
		SolutionGuid = {5AC01C0C-F262-463A-A693-D1DD38D1804B}
	EndGlobalSection
EndGlobal
