
Microsoft Visual Studio Solution File, Format Version 12.00
# Visual Studio Version 17
VisualStudioVersion = 17.3.32819.101
MinimumVisualStudioVersion = 10.0.40219.1
Project("{FAE04EC0-301F-11D3-BF4B-00C04F79EFBC}") = "Car", "Car\Car.csproj", "{552729E9-9F08-4FA6-AB0D-2CD00467794A}"
EndProject
Global
	GlobalSection(SolutionConfigurationPlatforms) = preSolution
		Debug|Any CPU = Debug|Any CPU
		Release|Any CPU = Release|Any CPU
	EndGlobalSection
	GlobalSection(ProjectConfigurationPlatforms) = postSolution
		{552729E9-9F08-4FA6-AB0D-2CD00467794A}.Debug|Any CPU.ActiveCfg = Debug|Any CPU
		{552729E9-9F08-4FA6-AB0D-2CD00467794A}.Debug|Any CPU.Build.0 = Debug|Any CPU
		{552729E9-9F08-4FA6-AB0D-2CD00467794A}.Release|Any CPU.ActiveCfg = Release|Any CPU
		{552729E9-9F08-4FA6-AB0D-2CD00467794A}.Release|Any CPU.Build.0 = Release|Any CPU
	EndGlobalSection
	GlobalSection(SolutionProperties) = preSolution
		HideSolutionNode = FALSE
	EndGlobalSection
	GlobalSection(ExtensibilityGlobals) = postSolution
		SolutionGuid = {BB3967A3-0750-4BDB-B139-D713AC57B8C2}
	EndGlobalSection
EndGlobal
